
Microsoft Visual Studio Solution File, Format Version 12.00
# Visual Studio Version 17
VisualStudioVersion = 17.2.32616.157
MinimumVisualStudioVersion = 10.0.40219.1
Project("{9A19103F-16F7-4668-BE54-9A1E7A4F7556}") = "Amortization.Services", "Amortization.Services\Amortization.Services.csproj", "{DF83CEAE-CEE6-4339-AA4E-1C5D2D88A331}"
EndProject
Project("{9A19103F-16F7-4668-BE54-9A1E7A4F7556}") = "Amortization.ServicesTests", "Amortization.ServicesTests\Amortization.ServicesTests.csproj", "{32BBFABC-610D-43C7-85A6-F2C0FE9F5F31}"
EndProject
Global
	GlobalSection(SolutionConfigurationPlatforms) = preSolution
		Debug|Any CPU = Debug|Any CPU
		Release|Any CPU = Release|Any CPU
	EndGlobalSection
	GlobalSection(ProjectConfigurationPlatforms) = postSolution
		{DF83CEAE-CEE6-4339-AA4E-1C5D2D88A331}.Debug|Any CPU.ActiveCfg = Debug|Any CPU
		{DF83CEAE-CEE6-4339-AA4E-1C5D2D88A331}.Debug|Any CPU.Build.0 = Debug|Any CPU
		{DF83CEAE-CEE6-4339-AA4E-1C5D2D88A331}.Release|Any CPU.ActiveCfg = Release|Any CPU
		{DF83CEAE-CEE6-4339-AA4E-1C5D2D88A331}.Release|Any CPU.Build.0 = Release|Any CPU
		{32BBFABC-610D-43C7-85A6-F2C0FE9F5F31}.Debug|Any CPU.ActiveCfg = Debug|Any CPU
		{32BBFABC-610D-43C7-85A6-F2C0FE9F5F31}.Debug|Any CPU.Build.0 = Debug|Any CPU
		{32BBFABC-610D-43C7-85A6-F2C0FE9F5F31}.Release|Any CPU.ActiveCfg = Release|Any CPU
		{32BBFABC-610D-43C7-85A6-F2C0FE9F5F31}.Release|Any CPU.Build.0 = Release|Any CPU
	EndGlobalSection
	GlobalSection(SolutionProperties) = preSolution
		HideSolutionNode = FALSE
	EndGlobalSection
	GlobalSection(ExtensibilityGlobals) = postSolution
		SolutionGuid = {B4F1243C-34B9-4FD0-9FAB-9713F299EA81}
	EndGlobalSection
EndGlobal
